Microsoft Visual Studio Solution File, Format Version 12.00
# Visual Studio Version 17
VisualStudioVersion = 17.5.2.0
MinimumVisualStudioVersion = 10.0.40219.1
Project("{FAE04EC0-301F-11D3-BF4B-00C04F79EFBC}") = "HashingExample", "HashingExample.csproj", "{66E2367C-63A7-7327-76C8-D52C7B22C3CF}"
EndProject
Global
	GlobalSection(SolutionConfigurationPlatforms) = preSolution
		Debug|Any CPU = Debug|Any CPU
		Release|Any CPU = Release|Any CPU
	EndGlobalSection
	GlobalSection(ProjectConfigurationPlatforms) = postSolution
		{66E2367C-63A7-7327-76C8-D52C7B22C3CF}.Debug|Any CPU.ActiveCfg = Debug|Any CPU
		{66E2367C-63A7-7327-76C8-D52C7B22C3CF}.Debug|Any CPU.Build.0 = Debug|Any CPU
		{66E2367C-63A7-7327-76C8-D52C7B22C3CF}.Release|Any CPU.ActiveCfg = Release|Any CPU
		{66E2367C-63A7-7327-76C8-D52C7B22C3CF}.Release|Any CPU.Build.0 = Release|Any CPU
	EndGlobalSection
	GlobalSection(SolutionProperties) = preSolution
		HideSolutionNode = FALSE
	EndGlobalSection
	GlobalSection(ExtensibilityGlobals) = postSolution
		SolutionGuid = {65669042-67B8-4B91-BD07-4F175B47339F}
	EndGlobalSection
EndGlobal
